// !$*UTF8*$!
{
	archiveVersion = 1;
	classes = {
	};
	objectVersion = 77;
	objects = {

/* Begin PBXContainerItemProxy section */
		2F4565DA2E52C8E900717A80 /* PBXContainerItemProxy */ = {
			isa = PBXContainerItemProxy;
			containerPortal = 2F4565C42E52C8E800717A80 /* Project object */;
			proxyType = 1;
			remoteGlobalIDString = 2F4565CB2E52C8E800717A80;
			remoteInfo = ARTRIO;
		};
		2F4565E42E52C8E900717A80 /* PBXContainerItemProxy */ = {
			isa = PBXContainerItemProxy;
			containerPortal = 2F4565C42E52C8E800717A80 /* Project object */;
			proxyType = 1;
			remoteGlobalIDString = 2F4565CB2E52C8E800717A80;
			remoteInfo = ARTRIO;
		};
/* End PBXContainerItemProxy section */

/* Begin PBXFileReference section */
		2F4565CC2E52C8E800717A80 /* ARTRIO.app */ = {isa = PBXFileReference; explicitFileType = wrapper.application; includeInIndex = 0; path = ARTRIO.app; sourceTree = BUILT_PRODUCTS_DIR; };
		2F4565D92E52C8E900717A80 /* ARTRIOTests.xctest */ = {isa = PBXFileReference; explicitFileType = wrapper.cfbundle; includeInIndex = 0; path = ARTRIOTests.xctest; sourceTree = BUILT_PRODUCTS_DIR; };
		2F4565E32E52C8E900717A80 /* ARTRIOUITests.xctest */ = {isa = PBXFileReference; explicitFileType = wrapper.cfbundle; includeInIndex = 0; path = ARTRIOUITests.xctest; sourceTree = BUILT_PRODUCTS_DIR; };
/* End PBXFileReference section */

/* Begin PBXFileSystemSynchronizedRootGroup section */
		2F4565CE2E52C8E800717A80 /* ARTRIO */ = {
			isa = PBXFileSystemSynchronizedRootGroup;
			path = ARTRIO;
			sourceTree = "<group>";
		};
		2F4565DC2E52C8E900717A80 /* ARTRIOTests */ = {
			isa = PBXFileSystemSynchronizedRootGroup;
			path = ARTRIOTests;
			sourceTree = "<group>";
		};
		2F4565E62E52C8E900717A80 /* ARTRIOUITests */ = {
			isa = PBXFileSystemSynchronizedRootGroup;
			path = ARTRIOUITests;
			sourceTree = "<group>";
		};
/* End PBXFileSystemSynchronizedRootGroup section */

/* Begin PBXFrameworksBuildPhase section */
		2F4565C92E52C8E800717A80 /* Frameworks */ = {
			isa = PBXFrameworksBuildPhase;
			buildActionMask = 2147483647;
			files = (
			);
			runOnlyForDeploymentPostprocessing = 0;
		};
		2F4565D62E52C8E900717A80 /* Frameworks */ = {
			isa = PBXFrameworksBuildPhase;
			buildActionMask = 2147483647;
			files = (
			);
			runOnlyForDeploymentPostprocessing = 0;
		};
		2F4565E02E52C8E900717A80 /* Frameworks */ = {
			isa = PBXFrameworksBuildPhase;
			buildActionMask = 2147483647;
			files = (
			);
			runOnlyForDeploymentPostprocessing = 0;
		};
/* End PBXFrameworksBuildPhase section */

/* Begin PBXGroup section */
		2F4565C32E52C8E800717A80 = {
			isa = PBXGroup;
			children = (
				2F4565CE2E52C8E800717A80 /* ARTRIO */,
				2F4565DC2E52C8E900717A80 /* ARTRIOTests */,
				2F4565E62E52C8E900717A80 /* ARTRIOUITests */,
				2F4565CD2E52C8E800717A80 /* Products */,
			);
			sourceTree = "<group>";
		};
		2F4565CD2E52C8E800717A80 /* Products */ = {
			isa = PBXGroup;
			children = (
				2F4565CC2E52C8E800717A80 /* ARTRIO.app */,
				2F4565D92E52C8E900717A80 /* ARTRIOTests.xctest */,
				2F4565E32E52C8E900717A80 /* ARTRIOUITests.xctest */,
			);
			name = Products;
			sourceTree = "<group>";
		};
/* End PBXGroup section */

/* Begin PBXNativeTarget section */
		2F4565CB2E52C8E800717A80 /* ARTRIO */ = {
			isa = PBXNativeTarget;
			buildConfigurationList = 2F4565ED2E52C8E900717A80 /* Build configuration list for PBXNativeTarget "ARTRIO" */;
			buildPhases = (
				2F4565C82E52C8E800717A80 /* Sources */,
				2F4565C92E52C8E800717A80 /* Frameworks */,
				2F4565CA2E52C8E800717A80 /* Resources */,
			);
			buildRules = (
			);
			dependencies = (
			);
			fileSystemSynchronizedGroups = (
				2F4565CE2E52C8E800717A80 /* ARTRIO */,
			);
			name = ARTRIO;
			packageProductDependencies = (
			);
			productName = ARTRIO;
			productReference = 2F4565CC2E52C8E800717A80 /* ARTRIO.app */;
			productType = "com.apple.product-type.application";
		};
		2F4565D82E52C8E900717A80 /* ARTRIOTests */ = {
			isa = PBXNativeTarget;
			buildConfigurationList = 2F4565F02E52C8E900717A80 /* Build configuration list for PBXNativeTarget "ARTRIOTests" */;
			buildPhases = (
				2F4565D52E52C8E900717A80 /* Sources */,
				2F4565D62E52C8E900717A80 /* Frameworks */,
				2F4565D72E52C8E900717A80 /* Resources */,
			);
			buildRules = (
			);
			dependencies = (
				2F4565DB2E52C8E900717A80 /* PBXTargetDependency */,
			);
			fileSystemSynchronizedGroups = (
				2F4565DC2E52C8E900717A80 /* ARTRIOTests */,
			);
			name = ARTRIOTests;
			packageProductDependencies = (
			);
			productName = ARTRIOTests;
			productReference = 2F4565D92E52C8E900717A80 /* ARTRIOTests.xctest */;
			productType = "com.apple.product-type.bundle.unit-test";
		};
		2F4565E22E52C8E900717A80 /* ARTRIOUITests */ = {
			isa = PBXNativeTarget;
			buildConfigurationList = 2F4565F32E52C8E900717A80 /* Build configuration list for PBXNativeTarget "ARTRIOUITests" */;
			buildPhases = (
				2F4565DF2E52C8E900717A80 /* Sources */,
				2F4565E02E52C8E900717A80 /* Frameworks */,
				2F4565E12E52C8E900717A80 /* Resources */,
			);
			buildRules = (
			);
			dependencies = (
				2F4565E52E52C8E900717A80 /* PBXTargetDependency */,
			);
			fileSystemSynchronizedGroups = (
				2F4565E62E52C8E900717A80 /* ARTRIOUITests */,
			);
			name = ARTRIOUITests;
			packageProductDependencies = (
			);
			productName = ARTRIOUITests;
			productReference = 2F4565E32E52C8E900717A80 /* ARTRIOUITests.xctest */;
			productType = "com.apple.product-type.bundle.ui-testing";
		};
/* End PBXNativeTarget section */

/* Begin PBXProject section */
		2F4565C42E52C8E800717A80 /* Project object */ = {
			isa = PBXProject;
			attributes = {
				BuildIndependentTargetsInParallel = 1;
				LastSwiftUpdateCheck = 1640;
				LastUpgradeCheck = 1640;
				TargetAttributes = {
					2F4565CB2E52C8E800717A80 = {
						CreatedOnToolsVersion = 16.4;
					};
					2F4565D82E52C8E900717A80 = {
						CreatedOnToolsVersion = 16.4;
						TestTargetID = 2F4565CB2E52C8E800717A80;
					};
					2F4565E22E52C8E900717A80 = {
						CreatedOnToolsVersion = 16.4;
						TestTargetID = 2F4565CB2E52C8E800717A80;
					};
				};
			};
			buildConfigurationList = 2F4565C72E52C8E800717A80 /* Build configuration list for PBXProject "ARTRIO" */;
			developmentRegion = en;
			hasScannedForEncodings = 0;
			knownRegions = (
				en,
				Base,
			);
			mainGroup = 2F4565C32E52C8E800717A80;
			minimizedProjectReferenceProxies = 1;
			preferredProjectObjectVersion = 77;
			productRefGroup = 2F4565CD2E52C8E800717A80 /* Products */;
			projectDirPath = "";
			projectRoot = "";
			targets = (
				2F4565CB2E52C8E800717A80 /* ARTRIO */,
				2F4565D82E52C8E900717A80 /* ARTRIOTests */,
				2F4565E22E52C8E900717A80 /* ARTRIOUITests */,
			);
		};
/* End PBXProject section */

/* Begin PBXResourcesBuildPhase section */
		2F4565CA2E52C8E800717A80 /* Resources */ = {
			isa = PBXResourcesBuildPhase;
			buildActionMask = 2147483647;
			files = (
			);
			runOnlyForDeploymentPostprocessing = 0;
		};
		2F4565D72E52C8E900717A80 /* Resources */ = {
			isa = PBXResourcesBuildPhase;
			buildActionMask = 2147483647;
			files = (
			);
			runOnlyForDeploymentPostprocessing = 0;
		};
		2F4565E12E52C8E900717A80 /* Resources */ = {
			isa = PBXResourcesBuildPhase;
			buildActionMask = 2147483647;
			files = (
			);
			runOnlyForDeploymentPostprocessing = 0;
		};
/* End PBXResourcesBuildPhase section */

/* Begin PBXSourcesBuildPhase section */
		2F4565C82E52C8E800717A80 /* Sources */ = {
			isa = PBXSourcesBuildPhase;
			buildActionMask = 2147483647;
			files = (
			);
			runOnlyForDeploymentPostprocessing = 0;
		};
		2F4565D52E52C8E900717A80 /* Sources */ = {
			isa = PBXSourcesBuildPhase;
			buildActionMask = 2147483647;
			files = (
			);
			runOnlyForDeploymentPostprocessing = 0;
		};
		2F4565DF2E52C8E900717A80 /* Sources */ = {
			isa = PBXSourcesBuildPhase;
			buildActionMask = 2147483647;
			files = (
			);
			runOnlyForDeploymentPostprocessing = 0;
		};
/* End PBXSourcesBuildPhase section */

/* Begin PBXTargetDependency section */
		2F4565DB2E52C8E900717A80 /* PBXTargetDependency */ = {
			isa = PBXTargetDependency;
			target = 2F4565CB2E52C8E800717A80 /* ARTRIO */;
			targetProxy = 2F4565DA2E52C8E900717A80 /* PBXContainerItemProxy */;
		};
		2F4565E52E52C8E900717A80 /* PBXTargetDependency */ = {
			isa = PBXTargetDependency;
			target = 2F4565CB2E52C8E800717A80 /* ARTRIO */;
			targetProxy = 2F4565E42E52C8E900717A80 /* PBXContainerItemProxy */;
		};
/* End PBXTargetDependency section */

/* Begin XCBuildConfiguration section */
		2F4565EB2E52C8E900717A80 /* Debug */ = {
			isa = XCBuildConfiguration;
			buildSettings = {
				ALWAYS_SEARCH_USER_PATHS = NO;
				ASSETCATALOG_COMPILER_GENERATE_SWIFT_ASSET_SYMBOL_EXTENSIONS = YES;
				CLANG_ANALYZER_NONNULL = YES;
				CLANG_ANALYZER_NUMBER_OBJECT_CONVERSION = YES_AGGRESSIVE;
				CLANG_CXX_LANGUAGE_STANDARD = "gnu++20";
				CLANG_ENABLE_MODULES = YES;
				CLANG_ENABLE_OBJC_ARC = YES;
				CLANG_ENABLE_OBJC_WEAK = YES;
				CLANG_WARN_BLOCK_CAPTURE_AUTORELEASING = YES;
				CLANG_WARN_BOOL_CONVERSION = YES;
				CLANG_WARN_COMMA = YES;
				CLANG_WARN_CONSTANT_CONVERSION = YES;
				CLANG_WARN_DEPRECATED_OBJC_IMPLEMENTATIONS = YES;
				CLANG_WARN_DIRECT_OBJC_ISA_USAGE = YES_ERROR;
				CLANG_WARN_DOCUMENTATION_COMMENTS = YES;
				CLANG_WARN_EMPTY_BODY = YES;
				CLANG_WARN_ENUM_CONVERSION = YES;
				CLANG_WARN_INFINITE_RECURSION = YES;
				CLANG_WARN_INT_CONVERSION = YES;
				CLANG_WARN_NON_LITERAL_NULL_CONVERSION = YES;
				CLANG_WARN_OBJC_IMPLICIT_RETAIN_SELF = YES;
				CLANG_WARN_OBJC_LITERAL_CONVERSION = YES;
				CLANG_WARN_OBJC_ROOT_CLASS = YES_ERROR;
				CLANG_WARN_QUOTED_INCLUDE_IN_FRAMEWORK_HEADER = YES;
				CLANG_WARN_RANGE_LOOP_ANALYSIS = YES;
				CLANG_WARN_STRICT_PROTOTYPES = YES;
				CLANG_WARN_SUSPICIOUS_MOVE = YES;
				CLANG_WARN_UNGUARDED_AVAILABILITY = YES_AGGRESSIVE;
				CLANG_WARN_UNREACHABLE_CODE = YES;
				CLANG_WARN__DUPLICATE_METHOD_MATCH = YES;
				COPY_PHASE_STRIP = NO;
				DEBUG_INFORMATION_FORMAT = dwarf;
				DEVELOPMENT_TEAM = 3D2B7RVUXV;
				ENABLE_STRICT_OBJC_MSGSEND = YES;
				ENABLE_TESTABILITY = YES;
				ENABLE_USER_SCRIPT_SANDBOXING = YES;
				GCC_C_LANGUAGE_STANDARD = gnu17;
				GCC_DYNAMIC_NO_PIC = NO;
				GCC_NO_COMMON_BLOCKS = YES;
				GCC_OPTIMIZATION_LEVEL = 0;
				GCC_PREPROCESSOR_DEFINITIONS = (
					"DEBUG=1",
					"$(inherited)",
				);
				GCC_WARN_64_TO_32_BIT_CONVERSION = YES;
				GCC_WARN_ABOUT_RETURN_TYPE = YES_ERROR;
				GCC_WARN_UNDECLARED_SELECTOR = YES;
				GCC_WARN_UNINITIALIZED_AUTOS = YES_AGGRESSIVE;
				GCC_WARN_UNUSED_FUNCTION = YES;
				GCC_WARN_UNUSED_VARIABLE = YES;
				IPHONEOS_DEPLOYMENT_TARGET = 18.5;
				LOCALIZATION_PREFERS_STRING_CATALOGS = YES;
				MTL_ENABLE_DEBUG_INFO = INCLUDE_SOURCE;
				MTL_FAST_MATH = YES;
				ONLY_ACTIVE_ARCH = YES;
				SDKROOT = iphoneos;
				SWIFT_ACTIVE_COMPILATION_CONDITIONS = "DEBUG $(inherited)";
				SWIFT_OPTIMIZATION_LEVEL = "-Onone";
			};
			name = Debug;
		};
		2F4565EC2E52C8E900717A80 /* Release */ = {
			isa = XCBuildConfiguration;
			buildSettings = {
				ALWAYS_SEARCH_USER_PATHS = NO;
				ASSETCATALOG_COMPILER_GENERATE_SWIFT_ASSET_SYMBOL_EXTENSIONS = YES;
				CLANG_ANALYZER_NONNULL = YES;
				CLANG_ANALYZER_NUMBER_OBJECT_CONVERSION = YES_AGGRESSIVE;
				CLANG_CXX_LANGUAGE_STANDARD = "gnu++20";
				CLANG_ENABLE_MODULES = YES;
				CLANG_ENABLE_OBJC_ARC = YES;
				CLANG_ENABLE_OBJC_WEAK = YES;
				CLANG_WARN_BLOCK_CAPTURE_AUTORELEASING = YES;
				CLANG_WARN_BOOL_CONVERSION = YES;
				CLANG_WARN_COMMA = YES;
				CLANG_WARN_CONSTANT_CONVERSION = YES;
				CLANG_WARN_DEPRECATED_OBJC_IMPLEMENTATIONS = YES;
				CLANG_WARN_DIRECT_OBJC_ISA_USAGE = YES_ERROR;
				CLANG_WARN_DOCUMENTATION_COMMENTS = YES;
				CLANG_WARN_EMPTY_BODY = YES;
				CLANG_WARN_ENUM_CONVERSION = YES;
				CLANG_WARN_INFINITE_RECURSION = YES;
				CLANG_WARN_INT_CONVERSION = YES;
				CLANG_WARN_NON_LITERAL_NULL_CONVERSION = YES;
				CLANG_WARN_OBJC_IMPLICIT_RETAIN_SELF = YES;
				CLANG_WARN_OBJC_LITERAL_CONVERSION = YES;
				CLANG_WARN_OBJC_ROOT_CLASS = YES_ERROR;
				CLANG_WARN_QUOTED_INCLUDE_IN_FRAMEWORK_HEADER = YES;
				CLANG_WARN_RANGE_LOOP_ANALYSIS = YES;
				CLANG_WARN_STRICT_PROTOTYPES = YES;
				CLANG_WARN_SUSPICIOUS_MOVE = YES;
				CLANG_WARN_UNGUARDED_AVAILABILITY = YES_AGGRESSIVE;
				CLANG_WARN_UNREACHABLE_CODE = YES;
				CLANG_WARN__DUPLICATE_METHOD_MATCH = YES;
				COPY_PHASE_STRIP = NO;
				DEBUG_INFORMATION_FORMAT = "dwarf-with-dsym";
				DEVELOPMENT_TEAM = 3D2B7RVUXV;
				ENABLE_NS_ASSERTIONS = NO;
				ENABLE_STRICT_OBJC_MSGSEND = YES;
				ENABLE_USER_SCRIPT_SANDBOXING = YES;
				GCC_C_LANGUAGE_STANDARD = gnu17;
				GCC_NO_COMMON_BLOCKS = YES;
				GCC_WARN_64_TO_32_BIT_CONVERSION = YES;
				GCC_WARN_ABOUT_RETURN_TYPE = YES_ERROR;
				GCC_WARN_UNDECLARED_SELECTOR = YES;
				GCC_WARN_UNINITIALIZED_AUTOS = YES_AGGRESSIVE;
				GCC_WARN_UNUSED_FUNCTION = YES;
				GCC_WARN_UNUSED_VARIABLE = YES;
				IPHONEOS_DEPLOYMENT_TARGET = 18.5;
				LOCALIZATION_PREFERS_STRING_CATALOGS = YES;
				MTL_ENABLE_DEBUG_INFO = NO;
				MTL_FAST_MATH = YES;
				SDKROOT = iphoneos;
				SWIFT_COMPILATION_MODE = wholemodule;
				VALIDATE_PRODUCT = YES;
			};
			name = Release;
		};
		2F4565EE2E52C8E900717A80 /* Debug */ = {
			isa = XCBuildConfiguration;
			buildSettings = {
				ASSETCATALOG_COMPILER_APPICON_NAME = AppIcon;
				ASSETCATALOG_COMPILER_GLOBAL_ACCENT_COLOR_NAME = AccentColor;
				CODE_SIGN_STYLE = Automatic;
				CURRENT_PROJECT_VERSION = 1;
				DEVELOPMENT_TEAM = 3D2B7RVUXV;
				ENABLE_PREVIEWS = YES;
				GENERATE_INFOPLIST_FILE = YES;
				INFOPLIST_KEY_CFBundleDisplayName = Artri;
				INFOPLIST_KEY_LSApplicationCategoryType = "public.app-category.social-networking";
				INFOPLIST_KEY_UIApplicationSceneManifest_Generation = YES;
				INFOPLIST_KEY_UIApplicationSupportsIndirectInputEvents = YES;
				INFOPLIST_KEY_UILaunchScreen_Generation = YES;
				INFOPLIST_KEY_UISupportedInterfaceOrientations_iPad = "UIInterfaceOrientationPortrait UIInterfaceOrientationPortraitUpsideDown UIInterfaceOrientationLandscapeLeft UIInterfaceOrientationLandscapeRight";
				INFOPLIST_KEY_UISupportedInterfaceOrientations_iPhone = "UIInterfaceOrientationPortrait UIInterfaceOrientationLandscapeLeft UIInterfaceOrientationLandscapeRight";
				LD_RUNPATH_SEARCH_PATHS = (
					"$(inherited)",
					"@executable_path/Frameworks",
				);
				MARKETING_VERSION = 1.0;
				PRODUCT_BUNDLE_IDENTIFIER = szakacsmedia.com.ARTRIO;
				PRODUCT_NAME = "$(TARGET_NAME)";
				SWIFT_EMIT_LOC_STRINGS = YES;
				SWIFT_VERSION = 5.0;
				TARGETED_DEVICE_FAMILY = "1,2";
			};
			name = Debug;
		};
		2F4565EF2E52C8E900717A80 /* Release */ = {
			isa = XCBuildConfiguration;
			buildSettings = {
				ASSETCATALOG_COMPILER_APPICON_NAME = AppIcon;
				ASSETCATALOG_COMPILER_GLOBAL_ACCENT_COLOR_NAME = AccentColor;
				CODE_SIGN_STYLE = Automatic;
				CURRENT_PROJECT_VERSION = 1;
				DEVELOPMENT_TEAM = 3D2B7RVUXV;
				ENABLE_PREVIEWS = YES;
				GENERATE_INFOPLIST_FILE = YES;
				INFOPLIST_KEY_CFBundleDisplayName = Artri;
				INFOPLIST_KEY_LSApplicationCategoryType = "public.app-category.social-networking";
				INFOPLIST_KEY_UIApplicationSceneManifest_Generation = YES;
				INFOPLIST_KEY_UIApplicationSupportsIndirectInputEvents = YES;
				INFOPLIST_KEY_UILaunchScreen_Generation = YES;
				INFOPLIST_KEY_UISupportedInterfaceOrientations_iPad = "UIInterfaceOrientationPortrait UIInterfaceOrientationPortraitUpsideDown UIInterfaceOrientationLandscapeLeft UIInterfaceOrientationLandscapeRight";
				INFOPLIST_KEY_UISupportedInterfaceOrientations_iPhone = "UIInterfaceOrientationPortrait UIInterfaceOrientationLandscapeLeft UIInterfaceOrientationLandscapeRight";
				LD_RUNPATH_SEARCH_PATHS = (
					"$(inherited)",
					"@executable_path/Frameworks",
				);
				MARKETING_VERSION = 1.0;
				PRODUCT_BUNDLE_IDENTIFIER = szakacsmedia.com.ARTRIO;
				PRODUCT_NAME = "$(TARGET_NAME)";
				SWIFT_EMIT_LOC_STRINGS = YES;
				SWIFT_VERSION = 5.0;
				TARGETED_DEVICE_FAMILY = "1,2";
			};
			name = Release;
		};
		2F4565F12E52C8E900717A80 /* Debug */ = {
			isa = XCBuildConfiguration;
			buildSettings = {
				BUNDLE_LOADER = "$(TEST_HOST)";
				CODE_SIGN_STYLE = Automatic;
				CURRENT_PROJECT_VERSION = 1;
				DEVELOPMENT_TEAM = 3D2B7RVUXV;
				GENERATE_INFOPLIST_FILE = YES;
				IPHONEOS_DEPLOYMENT_TARGET = 18.5;
				MARKETING_VERSION = 1.0;
				PRODUCT_BUNDLE_IDENTIFIER = szakacsmedia.com.ARTRIOTests;
				PRODUCT_NAME = "$(TARGET_NAME)";
				SWIFT_EMIT_LOC_STRINGS = NO;
				SWIFT_VERSION = 5.0;
				TARGETED_DEVICE_FAMILY = "1,2";
				TEST_HOST = "$(BUILT_PRODUCTS_DIR)/ARTRIO.app/$(BUNDLE_EXECUTABLE_FOLDER_PATH)/ARTRIO";
			};
			name = Debug;
		};
		2F4565F22E52C8E900717A80 /* Release */ = {
			isa = XCBuildConfiguration;
			buildSettings = {
				BUNDLE_LOADER = "$(TEST_HOST)";
				CODE_SIGN_STYLE = Automatic;
				CURRENT_PROJECT_VERSION = 1;
				DEVELOPMENT_TEAM = 3D2B7RVUXV;
				GENERATE_INFOPLIST_FILE = YES;
				IPHONEOS_DEPLOYMENT_TARGET = 18.5;
				MARKETING_VERSION = 1.0;
				PRODUCT_BUNDLE_IDENTIFIER = szakacsmedia.com.ARTRIOTests;
				PRODUCT_NAME = "$(TARGET_NAME)";
				SWIFT_EMIT_LOC_STRINGS = NO;
				SWIFT_VERSION = 5.0;
				TARGETED_DEVICE_FAMILY = "1,2";
				TEST_HOST = "$(BUILT_PRODUCTS_DIR)/ARTRIO.app/$(BUNDLE_EXECUTABLE_FOLDER_PATH)/ARTRIO";
			};
			name = Release;
		};
		2F4565F42E52C8E900717A80 /* Debug */ = {
			isa = XCBuildConfiguration;
			buildSettings = {
				CODE_SIGN_STYLE = Automatic;
				CURRENT_PROJECT_VERSION = 1;
				DEVELOPMENT_TEAM = 3D2B7RVUXV;
				GENERATE_INFOPLIST_FILE = YES;
				MARKETING_VERSION = 1.0;
				PRODUCT_BUNDLE_IDENTIFIER = szakacsmedia.com.ARTRIOUITests;
				PRODUCT_NAME = "$(TARGET_NAME)";
				SWIFT_EMIT_LOC_STRINGS = NO;
				SWIFT_VERSION = 5.0;
				TARGETED_DEVICE_FAMILY = "1,2";
				TEST_TARGET_NAME = ARTRIO;
			};
			name = Debug;
		};
		2F4565F52E52C8E900717A80 /* Release */ = {
			isa = XCBuildConfiguration;
			buildSettings = {
				CODE_SIGN_STYLE = Automatic;
				CURRENT_PROJECT_VERSION = 1;
				DEVELOPMENT_TEAM = 3D2B7RVUXV;
				GENERATE_INFOPLIST_FILE = YES;
				MARKETING_VERSION = 1.0;
				PRODUCT_BUNDLE_IDENTIFIER = szakacsmedia.com.ARTRIOUITests;
				PRODUCT_NAME = "$(TARGET_NAME)";
				SWIFT_EMIT_LOC_STRINGS = NO;
				SWIFT_VERSION = 5.0;
				TARGETED_DEVICE_FAMILY = "1,2";
				TEST_TARGET_NAME = ARTRIO;
			};
			name = Release;
		};
/* End XCBuildConfiguration section */

/* Begin XCConfigurationList section */
		2F4565C72E52C8E800717A80 /* Build configuration list for PBXProject "ARTRIO" */ = {
			isa = XCConfigurationList;
			buildConfigurations = (
				2F4565EB2E52C8E900717A80 /* Debug */,
				2F4565EC2E52C8E900717A80 /* Release */,
			);
			defaultConfigurationIsVisible = 0;
			defaultConfigurationName = Release;
		};
		2F4565ED2E52C8E900717A80 /* Build configuration list for PBXNativeTarget "ARTRIO" */ = {
			isa = XCConfigurationList;
			buildConfigurations = (
				2F4565EE2E52C8E900717A80 /* Debug */,
				2F4565EF2E52C8E900717A80 /* Release */,
			);
			defaultConfigurationIsVisible = 0;
			defaultConfigurationName = Release;
		};
		2F4565F02E52C8E900717A80 /* Build configuration list for PBXNativeTarget "ARTRIOTests" */ = {
			isa = XCConfigurationList;
			buildConfigurations = (
				2F4565F12E52C8E900717A80 /* Debug */,
				2F4565F22E52C8E900717A80 /* Release */,
			);
			defaultConfigurationIsVisible = 0;
			defaultConfigurationName = Release;
		};
		2F4565F32E52C8E900717A80 /* Build configuration list for PBXNativeTarget "ARTRIOUITests" */ = {
			isa = XCConfigurationList;
			buildConfigurations = (
				2F4565F42E52C8E900717A80 /* Debug */,
				2F4565F52E52C8E900717A80 /* Release */,
			);
			defaultConfigurationIsVisible = 0;
			defaultConfigurationName = Release;
		};
/* End XCConfigurationList section */
	};
	rootObject = 2F4565C42E52C8E800717A80 /* Project object */;
}
