PODS:
  - Capacitor (7.4.2):
    - CapacitorCordova
  - CapacitorCamera (7.0.2):
    - Capacitor
  - CapacitorCommunityMedia (8.0.1):
    - Capacitor
    - SDWebImage
  - CapacitorCordova (7.4.2)
  - SDWebImage (5.21.1):
    - SDWebImage/Core (= 5.21.1)
  - SDWebImage/Core (5.21.1)

DEPENDENCIES:
  - "Capacitor (from `../../node_modules/@capacitor/ios`)"
  - "CapacitorCamera (from `../../node_modules/@capacitor/camera`)"
  - "CapacitorCommunityMedia (from `../../node_modules/@capacitor-community/media`)"
  - "CapacitorCordova (from `../../node_modules/@capacitor/ios`)"

SPEC REPOS:
  trunk:
    - SDWebImage

EXTERNAL SOURCES:
  Capacitor:
    :path: "../../node_modules/@capacitor/ios"
  CapacitorCamera:
    :path: "../../node_modules/@capacitor/camera"
  CapacitorCommunityMedia:
    :path: "../../node_modules/@capacitor-community/media"
  CapacitorCordova:
    :path: "../../node_modules/@capacitor/ios"

SPEC CHECKSUMS:
  Capacitor: 9d9e481b79ffaeacaf7a85d6a11adec32bd33b59
  CapacitorCamera: f9e54db0a18bb218a8dc360907d63aaefe9209ff
  CapacitorCommunityMedia: d1538b56a3303298e7cf45a18b11e624fbcbdc8e
  CapacitorCordova: 5e58d04631bc5094894ac106e2bf1da18a9e6151
  SDWebImage: f29024626962457f3470184232766516dee8dfea

PODFILE CHECKSUM: 89e275e88f5f4dd94d484bff6b297d5335dda150

COCOAPODS: 1.16.2
